// !$*UTF8*$!
{
	archiveVersion = 1;
	classes = {
	};
	objectVersion = 46;
	objects = {

/* Begin PBXBuildFile section */
		844679ED1D1A7F7C00DF593B /* main.m in Sources */ = {isa = PBXBuildFile; fileRef = 844679EC1D1A7F7C00DF593B /* main.m */; };
		844679F01D1A7F7C00DF593B /* AppDelegate.m in Sources */ = {isa = PBXBuildFile; fileRef = 844679EF1D1A7F7C00DF593B /* AppDelegate.m */; };
		844679F61D1A7F7C00DF593B /* Main.storyboard in Resources */ = {isa = PBXBuildFile; fileRef = 844679F41D1A7F7C00DF593B /* Main.storyboard */; };
		844679F81D1A7F7C00DF593B /* Assets.xcassets in Resources */ = {isa = PBXBuildFile; fileRef = 844679F71D1A7F7C00DF593B /* Assets.xcassets */; };
		844679FB1D1A7F7C00DF593B /* LaunchScreen.storyboard in Resources */ = {isa = PBXBuildFile; fileRef = 844679F91D1A7F7C00DF593B /* LaunchScreen.storyboard */; };
		84467A041D1A8AA000DF593B /* FirstViewController.m in Sources */ = {isa = PBXBuildFile; fileRef = 84467A031D1A8AA000DF593B /* FirstViewController.m */; };
		84467A071D1A8AB100DF593B /* SecondViewController.m in Sources */ = {isa = PBXBuildFile; fileRef = 84467A061D1A8AB100DF593B /* SecondViewController.m */; };
		84467A0A1D1A8AC500DF593B /* ImageCell.m in Sources */ = {isa = PBXBuildFile; fileRef = 84467A091D1A8AC500DF593B /* ImageCell.m */; };
		84467A0D1D1B915F00DF593B /* ThirdViewController.m in Sources */ = {isa = PBXBuildFile; fileRef = 84467A0C1D1B915F00DF593B /* ThirdViewController.m */; };
		84467A101D1B936F00DF593B /* RegexKitLite.m in Sources */ = {isa = PBXBuildFile; fileRef = 84467A0F1D1B936F00DF593B /* RegexKitLite.m */; settings = {COMPILER_FLAGS = "-fno-objc-arc"; }; };
		84467A121D1BB49500DF593B /* libicucore.tbd in Frameworks */ = {isa = PBXBuildFile; fileRef = 84467A111D1BB49500DF593B /* libicucore.tbd */; };
		84467A151D1CD02700DF593B /* FourthViewController.m in Sources */ = {isa = PBXBuildFile; fileRef = 84467A141D1CD02700DF593B /* FourthViewController.m */; };
		84467A181D1CE87400DF593B /* UIView+YYAdd.m in Sources */ = {isa = PBXBuildFile; fileRef = 84467A171D1CE87400DF593B /* UIView+YYAdd.m */; };
		BD8BCB5D01F03DFC3BA46620 /* libPods-mRead.a in Frameworks */ = {isa = PBXBuildFile; fileRef = 1F5AA026A45D9ECE56023D90 /* libPods-mRead.a */; };
/* End PBXBuildFile section */

/* Begin PBXFileReference section */
		1F5AA026A45D9ECE56023D90 /* libPods-mRead.a */ = {isa = PBXFileReference; explicitFileType = archive.ar; includeInIndex = 0; path = "libPods-mRead.a"; sourceTree = BUILT_PRODUCTS_DIR; };
		2026FA7BEA91BEB83A642D29 /* Pods-mRead.debug.xcconfig */ = {isa = PBXFileReference; includeInIndex = 1; lastKnownFileType = text.xcconfig; name = "Pods-mRead.debug.xcconfig"; path = "Pods/Target Support Files/Pods-mRead/Pods-mRead.debug.xcconfig"; sourceTree = "<group>"; };
		844679E81D1A7F7B00DF593B /* mRead.app */ = {isa = PBXFileReference; explicitFileType = wrapper.application; includeInIndex = 0; path = mRead.app; sourceTree = BUILT_PRODUCTS_DIR; };
		844679EC1D1A7F7C00DF593B /* main.m */ = {isa = PBXFileReference; lastKnownFileType = sourcecode.c.objc; path = main.m; sourceTree = "<group>"; };
		844679EE1D1A7F7C00DF593B /* AppDelegate.h */ = {isa = PBXFileReference; lastKnownFileType = sourcecode.c.h; path = AppDelegate.h; sourceTree = "<group>"; };
		844679EF1D1A7F7C00DF593B /* AppDelegate.m */ = {isa = PBXFileReference; lastKnownFileType = sourcecode.c.objc; path = AppDelegate.m; sourceTree = "<group>"; };
		844679F51D1A7F7C00DF593B /* Base */ = {isa = PBXFileReference; lastKnownFileType = file.storyboard; name = Base; path = Base.lproj/Main.storyboard; sourceTree = "<group>"; };
		844679F71D1A7F7C00DF593B /* Assets.xcassets */ = {isa = PBXFileReference; lastKnownFileType = folder.assetcatalog; path = Assets.xcassets; sourceTree = "<group>"; };
		844679FA1D1A7F7C00DF593B /* Base */ = {isa = PBXFileReference; lastKnownFileType = file.storyboard; name = Base; path = Base.lproj/LaunchScreen.storyboard; sourceTree = "<group>"; };
		844679FC1D1A7F7C00DF593B /* Info.plist */ = {isa = PBXFileReference; lastKnownFileType = text.plist.xml; path = Info.plist; sourceTree = "<group>"; };
		84467A021D1A8AA000DF593B /* FirstViewController.h */ = {isa = PBXFileReference; fileEncoding = 4; lastKnownFileType = sourcecode.c.h; path = FirstViewController.h; sourceTree = "<group>"; };
		84467A031D1A8AA000DF593B /* FirstViewController.m */ = {isa = PBXFileReference; fileEncoding = 4; lastKnownFileType = sourcecode.c.objc; path = FirstViewController.m; sourceTree = "<group>"; };
		84467A051D1A8AB100DF593B /* SecondViewController.h */ = {isa = PBXFileReference; fileEncoding = 4; lastKnownFileType = sourcecode.c.h; path = SecondViewController.h; sourceTree = "<group>"; };
		84467A061D1A8AB100DF593B /* SecondViewController.m */ = {isa = PBXFileReference; fileEncoding = 4; lastKnownFileType = sourcecode.c.objc; path = SecondViewController.m; sourceTree = "<group>"; };
		84467A081D1A8AC500DF593B /* ImageCell.h */ = {isa = PBXFileReference; fileEncoding = 4; lastKnownFileType = sourcecode.c.h; path = ImageCell.h; sourceTree = "<group>"; };
		84467A091D1A8AC500DF593B /* ImageCell.m */ = {isa = PBXFileReference; fileEncoding = 4; lastKnownFileType = sourcecode.c.objc; path = ImageCell.m; sourceTree = "<group>"; };
		84467A0B1D1B915F00DF593B /* ThirdViewController.h */ = {isa = PBXFileReference; fileEncoding = 4; lastKnownFileType = sourcecode.c.h; path = ThirdViewController.h; sourceTree = "<group>"; };
		84467A0C1D1B915F00DF593B /* ThirdViewController.m */ = {isa = PBXFileReference; fileEncoding = 4; lastKnownFileType = sourcecode.c.objc; path = ThirdViewController.m; sourceTree = "<group>"; };
		84467A0E1D1B936F00DF593B /* RegexKitLite.h */ = {isa = PBXFileReference; fileEncoding = 4; lastKnownFileType = sourcecode.c.h; path = RegexKitLite.h; sourceTree = "<group>"; };
		84467A0F1D1B936F00DF593B /* RegexKitLite.m */ = {isa = PBXFileReference; fileEncoding = 4; lastKnownFileType = sourcecode.c.objc; path = RegexKitLite.m; sourceTree = "<group>"; };
		84467A111D1BB49500DF593B /* libicucore.tbd */ = {isa = PBXFileReference; lastKnownFileType = "sourcecode.text-based-dylib-definition"; name = libicucore.tbd; path = usr/lib/libicucore.tbd; sourceTree = SDKROOT; };
		84467A131D1CD02700DF593B /* FourthViewController.h */ = {isa = PBXFileReference; fileEncoding = 4; lastKnownFileType = sourcecode.c.h; path = FourthViewController.h; sourceTree = "<group>"; };
		84467A141D1CD02700DF593B /* FourthViewController.m */ = {isa = PBXFileReference; fileEncoding = 4; lastKnownFileType = sourcecode.c.objc; path = FourthViewController.m; sourceTree = "<group>"; };
		84467A161D1CE87400DF593B /* UIView+YYAdd.h */ = {isa = PBXFileReference; fileEncoding = 4; lastKnownFileType = sourcecode.c.h; path = "UIView+YYAdd.h"; sourceTree = "<group>"; };
		84467A171D1CE87400DF593B /* UIView+YYAdd.m */ = {isa = PBXFileReference; fileEncoding = 4; lastKnownFileType = sourcecode.c.objc; path = "UIView+YYAdd.m"; sourceTree = "<group>"; };
		84467A191D1CF11200DF593B /* YYKitMacro.h */ = {isa = PBXFileReference; fileEncoding = 4; lastKnownFileType = sourcecode.c.h; path = YYKitMacro.h; sourceTree = "<group>"; };
		BA99FD73313EDFA2B8FE3BF4 /* Pods-mRead.release.xcconfig */ = {isa = PBXFileReference; includeInIndex = 1; lastKnownFileType = text.xcconfig; name = "Pods-mRead.release.xcconfig"; path = "Pods/Target Support Files/Pods-mRead/Pods-mRead.release.xcconfig"; sourceTree = "<group>"; };
/* End PBXFileReference section */

/* Begin PBXFrameworksBuildPhase section */
		844679E51D1A7F7B00DF593B /* Frameworks */ = {
			isa = PBXFrameworksBuildPhase;
			buildActionMask = 2147483647;
			files = (
				84467A121D1BB49500DF593B /* libicucore.tbd in Frameworks */,
				BD8BCB5D01F03DFC3BA46620 /* libPods-mRead.a in Frameworks */,
			);
			runOnlyForDeploymentPostprocessing = 0;
		};
/* End PBXFrameworksBuildPhase section */

/* Begin PBXGroup section */
		844679DF1D1A7F7B00DF593B = {
			isa = PBXGroup;
			children = (
				844679EA1D1A7F7C00DF593B /* mRead */,
				844679E91D1A7F7B00DF593B /* Products */,
				9CC30CD403D898E58ADD6E11 /* Pods */,
				8A179FFF2F524B835A08178D /* Frameworks */,
			);
			sourceTree = "<group>";
		};
		844679E91D1A7F7B00DF593B /* Products */ = {
			isa = PBXGroup;
			children = (
				844679E81D1A7F7B00DF593B /* mRead.app */,
			);
			name = Products;
			sourceTree = "<group>";
		};
		844679EA1D1A7F7C00DF593B /* mRead */ = {
			isa = PBXGroup;
			children = (
				84467A191D1CF11200DF593B /* YYKitMacro.h */,
				84467A161D1CE87400DF593B /* UIView+YYAdd.h */,
				84467A171D1CE87400DF593B /* UIView+YYAdd.m */,
				84467A0E1D1B936F00DF593B /* RegexKitLite.h */,
				84467A0F1D1B936F00DF593B /* RegexKitLite.m */,
				844679EE1D1A7F7C00DF593B /* AppDelegate.h */,
				844679EF1D1A7F7C00DF593B /* AppDelegate.m */,
				844679F41D1A7F7C00DF593B /* Main.storyboard */,
				844679F71D1A7F7C00DF593B /* Assets.xcassets */,
				844679F91D1A7F7C00DF593B /* LaunchScreen.storyboard */,
				844679FC1D1A7F7C00DF593B /* Info.plist */,
				844679EB1D1A7F7C00DF593B /* Supporting Files */,
				84467A021D1A8AA000DF593B /* FirstViewController.h */,
				84467A031D1A8AA000DF593B /* FirstViewController.m */,
				84467A051D1A8AB100DF593B /* SecondViewController.h */,
				84467A061D1A8AB100DF593B /* SecondViewController.m */,
				84467A081D1A8AC500DF593B /* ImageCell.h */,
				84467A091D1A8AC500DF593B /* ImageCell.m */,
				84467A0B1D1B915F00DF593B /* ThirdViewController.h */,
				84467A0C1D1B915F00DF593B /* ThirdViewController.m */,
				84467A131D1CD02700DF593B /* FourthViewController.h */,
				84467A141D1CD02700DF593B /* FourthViewController.m */,
			);
			path = mRead;
			sourceTree = "<group>";
		};
		844679EB1D1A7F7C00DF593B /* Supporting Files */ = {
			isa = PBXGroup;
			children = (
				844679EC1D1A7F7C00DF593B /* main.m */,
			);
			name = "Supporting Files";
			sourceTree = "<group>";
		};
		8A179FFF2F524B835A08178D /* Frameworks */ = {
			isa = PBXGroup;
			children = (
				84467A111D1BB49500DF593B /* libicucore.tbd */,
				1F5AA026A45D9ECE56023D90 /* libPods-mRead.a */,
			);
			name = Frameworks;
			sourceTree = "<group>";
		};
		9CC30CD403D898E58ADD6E11 /* Pods */ = {
			isa = PBXGroup;
			children = (
				2026FA7BEA91BEB83A642D29 /* Pods-mRead.debug.xcconfig */,
				BA99FD73313EDFA2B8FE3BF4 /* Pods-mRead.release.xcconfig */,
			);
			name = Pods;
			sourceTree = "<group>";
		};
/* End PBXGroup section */

/* Begin PBXNativeTarget section */
		844679E71D1A7F7B00DF593B /* mRead */ = {
			isa = PBXNativeTarget;
			buildConfigurationList = 844679FF1D1A7F7C00DF593B /* Build configuration list for PBXNativeTarget "mRead" */;
			buildPhases = (
				B1229B7E8A17C8958F97F3DD /* 📦 Check Pods Manifest.lock */,
				844679E41D1A7F7B00DF593B /* Sources */,
				844679E51D1A7F7B00DF593B /* Frameworks */,
				844679E61D1A7F7B00DF593B /* Resources */,
				63E0F9EF589F12A25CA8CB7A /* 📦 Embed Pods Frameworks */,
				BEE3A7F5C77C08ACA34CEABA /* 📦 Copy Pods Resources */,
			);
			buildRules = (
			);
			dependencies = (
			);
			name = mRead;
			productName = mRead;
			productReference = 844679E81D1A7F7B00DF593B /* mRead.app */;
			productType = "com.apple.product-type.application";
		};
/* End PBXNativeTarget section */

/* Begin PBXProject section */
		844679E01D1A7F7B00DF593B /* Project object */ = {
			isa = PBXProject;
			attributes = {
				LastUpgradeCheck = 0730;
				ORGANIZATIONNAME = wenzhengguang;
				TargetAttributes = {
					844679E71D1A7F7B00DF593B = {
						CreatedOnToolsVersion = 7.3.1;
					};
				};
			};
			buildConfigurationList = 844679E31D1A7F7B00DF593B /* Build configuration list for PBXProject "mRead" */;
			compatibilityVersion = "Xcode 3.2";
			developmentRegion = English;
			hasScannedForEncodings = 0;
			knownRegions = (
				en,
				Base,
			);
			mainGroup = 844679DF1D1A7F7B00DF593B;
			productRefGroup = 844679E91D1A7F7B00DF593B /* Products */;
			projectDirPath = "";
			projectRoot = "";
			targets = (
				844679E71D1A7F7B00DF593B /* mRead */,
			);
		};
/* End PBXProject section */

/* Begin PBXResourcesBuildPhase section */
		844679E61D1A7F7B00DF593B /* Resources */ = {
			isa = PBXResourcesBuildPhase;
			buildActionMask = 2147483647;
			files = (
				844679FB1D1A7F7C00DF593B /* LaunchScreen.storyboard in Resources */,
				844679F81D1A7F7C00DF593B /* Assets.xcassets in Resources */,
				844679F61D1A7F7C00DF593B /* Main.storyboard in Resources */,
			);
			runOnlyForDeploymentPostprocessing = 0;
		};
/* End PBXResourcesBuildPhase section */

/* Begin PBXShellScriptBuildPhase section */
		63E0F9EF589F12A25CA8CB7A /* 📦 Embed Pods Frameworks */ = {
			isa = PBXShellScriptBuildPhase;
			buildActionMask = 2147483647;
			files = (
			);
			inputPaths = (
			);
			name = "📦 Embed Pods Frameworks";
			outputPaths = (
			);
			runOnlyForDeploymentPostprocessing = 0;
			shellPath = /bin/sh;
			shellScript = "\"${SRCROOT}/Pods/Target Support Files/Pods-mRead/Pods-mRead-frameworks.sh\"\n";
			showEnvVarsInLog = 0;
		};
		B1229B7E8A17C8958F97F3DD /* 📦 Check Pods Manifest.lock */ = {
			isa = PBXShellScriptBuildPhase;
			buildActionMask = 2147483647;
			files = (
			);
			inputPaths = (
			);
			name = "📦 Check Pods Manifest.lock";
			outputPaths = (
			);
			runOnlyForDeploymentPostprocessing = 0;
			shellPath = /bin/sh;
			shellScript = "diff \"${PODS_ROOT}/../Podfile.lock\" \"${PODS_ROOT}/Manifest.lock\" > /dev/null\nif [[ $? != 0 ]] ; then\n    cat << EOM\nerror: The sandbox is not in sync with the Podfile.lock. Run 'pod install' or update your CocoaPods installation.\nEOM\n    exit 1\nfi\n";
			showEnvVarsInLog = 0;
		};
		BEE3A7F5C77C08ACA34CEABA /* 📦 Copy Pods Resources */ = {
			isa = PBXShellScriptBuildPhase;
			buildActionMask = 2147483647;
			files = (
			);
			inputPaths = (
			);
			name = "📦 Copy Pods Resources";
			outputPaths = (
			);
			runOnlyForDeploymentPostprocessing = 0;
			shellPath = /bin/sh;
			shellScript = "\"${SRCROOT}/Pods/Target Support Files/Pods-mRead/Pods-mRead-resources.sh\"\n";
			showEnvVarsInLog = 0;
		};
/* End PBXShellScriptBuildPhase section */

/* Begin PBXSourcesBuildPhase section */
		844679E41D1A7F7B00DF593B /* Sources */ = {
			isa = PBXSourcesBuildPhase;
			buildActionMask = 2147483647;
			files = (
				84467A151D1CD02700DF593B /* FourthViewController.m in Sources */,
				84467A101D1B936F00DF593B /* RegexKitLite.m in Sources */,
				84467A071D1A8AB100DF593B /* SecondViewController.m in Sources */,
				84467A0A1D1A8AC500DF593B /* ImageCell.m in Sources */,
				84467A0D1D1B915F00DF593B /* ThirdViewController.m in Sources */,
				84467A181D1CE87400DF593B /* UIView+YYAdd.m in Sources */,
				844679F01D1A7F7C00DF593B /* AppDelegate.m in Sources */,
				84467A041D1A8AA000DF593B /* FirstViewController.m in Sources */,
				844679ED1D1A7F7C00DF593B /* main.m in Sources */,
			);
			runOnlyForDeploymentPostprocessing = 0;
		};
/* End PBXSourcesBuildPhase section */

/* Begin PBXVariantGroup section */
		844679F41D1A7F7C00DF593B /* Main.storyboard */ = {
			isa = PBXVariantGroup;
			children = (
				844679F51D1A7F7C00DF593B /* Base */,
			);
			name = Main.storyboard;
			sourceTree = "<group>";
		};
		844679F91D1A7F7C00DF593B /* LaunchScreen.storyboard */ = {
			isa = PBXVariantGroup;
			children = (
				844679FA1D1A7F7C00DF593B /* Base */,
			);
			name = LaunchScreen.storyboard;
			sourceTree = "<group>";
		};
/* End PBXVariantGroup section */

/* Begin XCBuildConfiguration section */
		844679FD1D1A7F7C00DF593B /* Debug */ = {
			isa = XCBuildConfiguration;
			buildSettings = {
				ALWAYS_SEARCH_USER_PATHS = NO;
				CLANG_ANALYZER_NONNULL = YES;
				CLANG_CXX_LANGUAGE_STANDARD = "gnu++0x";
				CLANG_CXX_LIBRARY = "libc++";
				CLANG_ENABLE_MODULES = YES;
				CLANG_ENABLE_OBJC_ARC = YES;
				CLANG_WARN_BOOL_CONVERSION = YES;
				CLANG_WARN_CONSTANT_CONVERSION = YES;
				CLANG_WARN_DIRECT_OBJC_ISA_USAGE = YES_ERROR;
				CLANG_WARN_EMPTY_BODY = YES;
				CLANG_WARN_ENUM_CONVERSION = YES;
				CLANG_WARN_INT_CONVERSION = YES;
				CLANG_WARN_OBJC_ROOT_CLASS = YES_ERROR;
				CLANG_WARN_UNREACHABLE_CODE = YES;
				CLANG_WARN__DUPLICATE_METHOD_MATCH = YES;
				"CODE_SIGN_IDENTITY[sdk=iphoneos*]" = "iPhone Developer";
				COPY_PHASE_STRIP = NO;
				DEBUG_INFORMATION_FORMAT = dwarf;
				ENABLE_STRICT_OBJC_MSGSEND = YES;
				ENABLE_TESTABILITY = YES;
				GCC_C_LANGUAGE_STANDARD = gnu99;
				GCC_DYNAMIC_NO_PIC = NO;
				GCC_NO_COMMON_BLOCKS = YES;
				GCC_OPTIMIZATION_LEVEL = 0;
				GCC_PREPROCESSOR_DEFINITIONS = (
					"DEBUG=1",
					"$(inherited)",
				);
				GCC_WARN_64_TO_32_BIT_CONVERSION = YES;
				GCC_WARN_ABOUT_RETURN_TYPE = YES_ERROR;
				GCC_WARN_UNDECLARED_SELECTOR = YES;
				GCC_WARN_UNINITIALIZED_AUTOS = YES_AGGRESSIVE;
				GCC_WARN_UNUSED_FUNCTION = YES;
				GCC_WARN_UNUSED_VARIABLE = YES;
				IPHONEOS_DEPLOYMENT_TARGET = 7.0;
				MTL_ENABLE_DEBUG_INFO = YES;
				ONLY_ACTIVE_ARCH = YES;
				SDKROOT = iphoneos;
			};
			name = Debug;
		};
		844679FE1D1A7F7C00DF593B /* Release */ = {
			isa = XCBuildConfiguration;
			buildSettings = {
				ALWAYS_SEARCH_USER_PATHS = NO;
				CLANG_ANALYZER_NONNULL = YES;
				CLANG_CXX_LANGUAGE_STANDARD = "gnu++0x";
				CLANG_CXX_LIBRARY = "libc++";
				CLANG_ENABLE_MODULES = YES;
				CLANG_ENABLE_OBJC_ARC = YES;
				CLANG_WARN_BOOL_CONVERSION = YES;
				CLANG_WARN_CONSTANT_CONVERSION = YES;
				CLANG_WARN_DIRECT_OBJC_ISA_USAGE = YES_ERROR;
				CLANG_WARN_EMPTY_BODY = YES;
				CLANG_WARN_ENUM_CONVERSION = YES;
				CLANG_WARN_INT_CONVERSION = YES;
				CLANG_WARN_OBJC_ROOT_CLASS = YES_ERROR;
				CLANG_WARN_UNREACHABLE_CODE = YES;
				CLANG_WARN__DUPLICATE_METHOD_MATCH = YES;
				"CODE_SIGN_IDENTITY[sdk=iphoneos*]" = "iPhone Developer";
				COPY_PHASE_STRIP = NO;
				DEBUG_INFORMATION_FORMAT = "dwarf-with-dsym";
				ENABLE_NS_ASSERTIONS = NO;
				ENABLE_STRICT_OBJC_MSGSEND = YES;
				GCC_C_LANGUAGE_STANDARD = gnu99;
				GCC_NO_COMMON_BLOCKS = YES;
				GCC_WARN_64_TO_32_BIT_CONVERSION = YES;
				GCC_WARN_ABOUT_RETURN_TYPE = YES_ERROR;
				GCC_WARN_UNDECLARED_SELECTOR = YES;
				GCC_WARN_UNINITIALIZED_AUTOS = YES_AGGRESSIVE;
				GCC_WARN_UNUSED_FUNCTION = YES;
				GCC_WARN_UNUSED_VARIABLE = YES;
				IPHONEOS_DEPLOYMENT_TARGET = 7.0;
				MTL_ENABLE_DEBUG_INFO = NO;
				SDKROOT = iphoneos;
				VALIDATE_PRODUCT = YES;
			};
			name = Release;
		};
		84467A001D1A7F7C00DF593B /* Debug */ = {
			isa = XCBuildConfiguration;
			baseConfigurationReference = 2026FA7BEA91BEB83A642D29 /* Pods-mRead.debug.xcconfig */;
			buildSettings = {
				ASSETCATALOG_COMPILER_APPICON_NAME = AppIcon;
				INFOPLIST_FILE = mRead/Info.plist;
				LD_RUNPATH_SEARCH_PATHS = "$(inherited) @executable_path/Frameworks";
				PRODUCT_BUNDLE_IDENTIFIER = com.bona.mRead;
				PRODUCT_NAME = "$(TARGET_NAME)";
			};
			name = Debug;
		};
		84467A011D1A7F7C00DF593B /* Release */ = {
			isa = XCBuildConfiguration;
			baseConfigurationReference = BA99FD73313EDFA2B8FE3BF4 /* Pods-mRead.release.xcconfig */;
			buildSettings = {
				ASSETCATALOG_COMPILER_APPICON_NAME = AppIcon;
				INFOPLIST_FILE = mRead/Info.plist;
				LD_RUNPATH_SEARCH_PATHS = "$(inherited) @executable_path/Frameworks";
				PRODUCT_BUNDLE_IDENTIFIER = com.bona.mRead;
				PRODUCT_NAME = "$(TARGET_NAME)";
			};
			name = Release;
		};
/* End XCBuildConfiguration section */

/* Begin XCConfigurationList section */
		844679E31D1A7F7B00DF593B /* Build configuration list for PBXProject "mRead" */ = {
			isa = XCConfigurationList;
			buildConfigurations = (
				844679FD1D1A7F7C00DF593B /* Debug */,
				844679FE1D1A7F7C00DF593B /* Release */,
			);
			defaultConfigurationIsVisible = 0;
			defaultConfigurationName = Release;
		};
		844679FF1D1A7F7C00DF593B /* Build configuration list for PBXNativeTarget "mRead" */ = {
			isa = XCConfigurationList;
			buildConfigurations = (
				84467A001D1A7F7C00DF593B /* Debug */,
				84467A011D1A7F7C00DF593B /* Release */,
			);
			defaultConfigurationIsVisible = 0;
			defaultConfigurationName = Release;
		};
/* End XCConfigurationList section */
	};
	rootObject = 844679E01D1A7F7B00DF593B /* Project object */;
}
